
Microsoft Visual Studio Solution File, Format Version 12.00
# Visual Studio Version 17
VisualStudioVersion = 17.8.34309.116
MinimumVisualStudioVersion = 10.0.40219.1
Project("{FAE04EC0-301F-11D3-BF4B-00C04F79EFBC}") = "FIAPProcessaVideo", "FIAPProcessaVideo\FIAPProcessaVideo.csproj", "{53DA1AE8-DAA1-4C22-9A52-552C26EBB5A5}"
EndProject
Global
	GlobalSection(SolutionConfigurationPlatforms) = preSolution
		Debug|Any CPU = Debug|Any CPU
		Release|Any CPU = Release|Any CPU
	EndGlobalSection
	GlobalSection(ProjectConfigurationPlatforms) = postSolution
		{53DA1AE8-DAA1-4C22-9A52-552C26EBB5A5}.Debug|Any CPU.ActiveCfg = Debug|Any CPU
		{53DA1AE8-DAA1-4C22-9A52-552C26EBB5A5}.Debug|Any CPU.Build.0 = Debug|Any CPU
		{53DA1AE8-DAA1-4C22-9A52-552C26EBB5A5}.Release|Any CPU.ActiveCfg = Release|Any CPU
		{53DA1AE8-DAA1-4C22-9A52-552C26EBB5A5}.Release|Any CPU.Build.0 = Release|Any CPU
	EndGlobalSection
	GlobalSection(SolutionProperties) = preSolution
		HideSolutionNode = FALSE
	EndGlobalSection
	GlobalSection(ExtensibilityGlobals) = postSolution
		SolutionGuid = {A30BBC00-02B8-4F23-AC62-5553B3BC262A}
	EndGlobalSection
EndGlobal
